PODS:
  - "@react-native-mapbox-gl-mapbox-static (5.9.0)"
  - Analytics (4.0.5)
  - boost-for-react-native (1.63.0)
  - Crashlytics (3.10.9):
    - Fabric (~> 1.7.13)
  - DoubleConversion (1.1.6)
  - Fabric (1.7.13)
  - Folly (2018.10.22.00):
    - boost-for-react-native
    - DoubleConversion
    - Folly/Default (= 2018.10.22.00)
    - glog
  - Folly/Default (2018.10.22.00):
    - boost-for-react-native
    - DoubleConversion
    - glog
  - glog (0.3.5)
  - GoogleSignIn (4.4.0):
    - "GoogleToolboxForMac/NSDictionary+URLArguments (~> 2.1)"
    - "GoogleToolboxForMac/NSString+URLArguments (~> 2.1)"
    - GTMSessionFetcher/Core (~> 1.1)
  - GoogleToolboxForMac/DebugUtils (2.3.1):
    - GoogleToolboxForMac/Defines (= 2.3.1)
  - GoogleToolboxForMac/Defines (2.3.1)
  - "GoogleToolboxForMac/NSDictionary+URLArguments (2.3.1)":
    - GoogleToolboxForMac/DebugUtils (= 2.3.1)
    - GoogleToolboxForMac/Defines (= 2.3.1)
    - "GoogleToolboxForMac/NSString+URLArguments (= 2.3.1)"
  - "GoogleToolboxForMac/NSString+URLArguments (2.3.1)"
  - GTMSessionFetcher/Core (1.5.0)
  - lottie-ios (3.1.8)
  - lottie-react-native (3.5.0):
    - lottie-ios (~> 3.1.8)
    - React
  - Mapbox-iOS-SDK (5.9.0):
    - MapboxMobileEvents (= 0.10.2)
  - MapboxMobileEvents (0.10.2)
  - Mixpanel (3.6.0)
  - Permission-Camera (2.2.2):
    - RNPermissions
  - React (0.60.5):
    - React-Core (= 0.60.5)
    - React-DevSupport (= 0.60.5)
    - React-RCTActionSheet (= 0.60.5)
    - React-RCTAnimation (= 0.60.5)
    - React-RCTBlob (= 0.60.5)
    - React-RCTImage (= 0.60.5)
    - React-RCTLinking (= 0.60.5)
    - React-RCTNetwork (= 0.60.5)
    - React-RCTSettings (= 0.60.5)
    - React-RCTText (= 0.60.5)
    - React-RCTVibration (= 0.60.5)
    - React-RCTWebSocket (= 0.60.5)
  - React-Core (0.60.5):
    - Folly (= 2018.10.22.00)
    - React-cxxreact (= 0.60.5)
    - React-jsiexecutor (= 0.60.5)
    - yoga (= 0.60.5.React)
  - React-cxxreact (0.60.5):
    - boost-for-react-native (= 1.63.0)
    - DoubleConversion
    - Folly (= 2018.10.22.00)
    - glog
    - React-jsinspector (= 0.60.5)
  - React-DevSupport (0.60.5):
    - React-Core (= 0.60.5)
    - React-RCTWebSocket (= 0.60.5)
  - React-jsi (0.60.5):
    - boost-for-react-native (= 1.63.0)
    - DoubleConversion
    - Folly (= 2018.10.22.00)
    - glog
    - React-jsi/Default (= 0.60.5)
  - React-jsi/Default (0.60.5):
    - boost-for-react-native (= 1.63.0)
    - DoubleConversion
    - Folly (= 2018.10.22.00)
    - glog
  - React-jsiexecutor (0.60.5):
    - DoubleConversion
    - Folly (= 2018.10.22.00)
    - glog
    - React-cxxreact (= 0.60.5)
    - React-jsi (= 0.60.5)
  - React-jsinspector (0.60.5)
  - react-native-camera (3.40.0):
    - React-Core
    - react-native-camera/RCT (= 3.40.0)
    - react-native-camera/RN (= 3.40.0)
  - react-native-camera/RCT (3.40.0):
    - React-Core
  - react-native-camera/RN (3.40.0):
    - React-Core
  - react-native-geolocation (2.0.2):
    - React
  - react-native-get-random-values (1.6.0):
    - React-Core
  - react-native-ios-launch-arguments (1.1.1):
    - React
  - react-native-mapbox-gl (8.1.0-rc.4):
    - "@react-native-mapbox-gl-mapbox-static (~> 5.8)"
    - Mapbox-iOS-SDK (~> 5.8)
    - React
    - react-native-mapbox-gl/DynamicLibrary (= 8.1.0-rc.4)
    - react-native-mapbox-gl/StaticLibraryFixer (= 8.1.0-rc.4)
  - react-native-mapbox-gl/DynamicLibrary (8.1.0-rc.4):
    - "@react-native-mapbox-gl-mapbox-static (~> 5.8)"
    - Mapbox-iOS-SDK (~> 5.8)
    - React
  - react-native-mapbox-gl/StaticLibraryFixer (8.1.0-rc.4):
    - "@react-native-mapbox-gl-mapbox-static (~> 5.8)"
    - Mapbox-iOS-SDK (~> 5.8)
    - React
  - react-native-video (4.4.4):
    - React
    - react-native-video/Video (= 4.4.4)
  - react-native-video/Video (4.4.4):
    - React
  - React-RCTActionSheet (0.60.5):
    - React-Core (= 0.60.5)
  - React-RCTAnimation (0.60.5):
    - React-Core (= 0.60.5)
  - React-RCTBlob (0.60.5):
    - React-Core (= 0.60.5)
    - React-RCTNetwork (= 0.60.5)
    - React-RCTWebSocket (= 0.60.5)
  - React-RCTImage (0.60.5):
    - React-Core (= 0.60.5)
    - React-RCTNetwork (= 0.60.5)
  - React-RCTLinking (0.60.5):
    - React-Core (= 0.60.5)
  - React-RCTNetwork (0.60.5):
    - React-Core (= 0.60.5)
  - React-RCTSettings (0.60.5):
    - React-Core (= 0.60.5)
  - React-RCTText (0.60.5):
    - React-Core (= 0.60.5)
  - React-RCTVibration (0.60.5):
    - React-Core (= 0.60.5)
  - React-RCTWebSocket (0.60.5):
    - React-Core (= 0.60.5)
  - rn-fetch-blob (0.10.16):
    - React-Core
  - RNAnalytics (0.0.1-beta.5):
    - Analytics
    - React
  - RNAnalyticsIntegration-Mixpanel (0.0.1-test-publish-ci.1):
    - Analytics
    - React
    - Segment-Mixpanel
  - RNAppleAuthentication (2.1.0):
    - React-Core
  - RNDeviceInfo (1.4.1):
    - React
  - RNGestureHandler (1.1.0):
    - React
  - RNGoogleSignin (1.2.4):
    - GoogleSignIn (~> 4.4.0)
    - React
  - RNPermissions (2.2.2):
    - React-Core
  - RNSentry (1.8.2):
    - React
    - Sentry (~> 5.2.0)
  - RNSVG (9.3.7):
    - React
  - Segment-Mixpanel (1.7.0):
    - Analytics
    - Mixpanel (~> 3.5)
  - Sentry (5.2.2):
    - Sentry/Core (= 5.2.2)
  - Sentry/Core (5.2.2)
  - Stripe (14.0.2)
  - tipsi-stripe (7.5.6):
    - React
    - Stripe (~> 14.0.1)
  - yoga (0.60.5.React)

DEPENDENCIES:
  - Crashlytics (~> 3.10.9)
  - DoubleConversion (from `../node_modules/react-native/third-party-podspecs/DoubleConversion.podspec`)
  - Fabric (~> 1.7.13)
  - Folly (from `../node_modules/react-native/third-party-podspecs/Folly.podspec`)
  - glog (from `../node_modules/react-native/third-party-podspecs/glog.podspec`)
  - GoogleSignIn
  - lottie-ios (from `../node_modules/lottie-ios/lottie-ios.podspec`)
  - lottie-react-native (from `../node_modules/lottie-react-native/lottie-react-native.podspec`)
  - Permission-Camera (from `../node_modules/react-native-permissions/ios/Camera.podspec`)
  - React (from `../node_modules/react-native/`)
  - React-Core (from `../node_modules/react-native/React`)
  - React-cxxreact (from `../node_modules/react-native/ReactCommon/cxxreact`)
  - React-DevSupport (from `../node_modules/react-native/React`)
  - React-jsi (from `../node_modules/react-native/ReactCommon/jsi`)
  - React-jsiexecutor (from `../node_modules/react-native/ReactCommon/jsiexecutor`)
  - React-jsinspector (from `../node_modules/react-native/ReactCommon/jsinspector`)
  - react-native-camera (from `../node_modules/react-native-camera/react-native-camera.podspec`)
  - "react-native-geolocation (from `../node_modules/@react-native-community/geolocation`)"
  - react-native-get-random-values (from `../node_modules/react-native-get-random-values`)
  - react-native-ios-launch-arguments (from `../node_modules/react-native-ios-launch-arguments/react-native-ios-launch-arguments.podspec`)
  - "react-native-mapbox-gl (from `../node_modules/@react-native-mapbox-gl/maps`)"
  - react-native-video (from `../node_modules/react-native-video/react-native-video.podspec`)
  - React-RCTActionSheet (from `../node_modules/react-native/Libraries/ActionSheetIOS`)
  - React-RCTAnimation (from `../node_modules/react-native/Libraries/NativeAnimation`)
  - React-RCTBlob (from `../node_modules/react-native/Libraries/Blob`)
  - React-RCTImage (from `../node_modules/react-native/Libraries/Image`)
  - React-RCTLinking (from `../node_modules/react-native/Libraries/LinkingIOS`)
  - React-RCTNetwork (from `../node_modules/react-native/Libraries/Network`)
  - React-RCTSettings (from `../node_modules/react-native/Libraries/Settings`)
  - React-RCTText (from `../node_modules/react-native/Libraries/Text`)
  - React-RCTVibration (from `../node_modules/react-native/Libraries/Vibration`)
  - React-RCTWebSocket (from `../node_modules/react-native/Libraries/WebSocket`)
  - rn-fetch-blob (from `../node_modules/rn-fetch-blob`)
  - "RNAnalytics (from `../node_modules/@segment/analytics-react-native`)"
  - "RNAnalyticsIntegration-Mixpanel (from `../node_modules/@segment/analytics-react-native-mixpanel`)"
  - "RNAppleAuthentication (from `../node_modules/@invertase/react-native-apple-authentication`)"
  - RNDeviceInfo (from `../node_modules/react-native-device-info/RNDeviceInfo.podspec`)
  - RNGestureHandler (from `../node_modules/react-native-gesture-handler/RNGestureHandler.podspec`)
  - RNGoogleSignin (from `../node_modules/react-native-google-signin/RNGoogleSignin.podspec`)
  - RNPermissions (from `../node_modules/react-native-permissions/RNPermissions.podspec`)
  - "RNSentry (from `../node_modules/@sentry/react-native/RNSentry.podspec`)"
  - RNSVG (from `../node_modules/react-native-svg`)
  - "tipsi-stripe (from `../node_modules/@commaai/tipsi-stripe/tipsi-stripe.podspec`)"
  - yoga (from `../node_modules/react-native/ReactCommon/yoga`)

SPEC REPOS:
  https://github.com/CocoaPods/Specs.git:
    - "@react-native-mapbox-gl-mapbox-static"
    - Analytics
    - boost-for-react-native
    - Crashlytics
    - Fabric
    - GoogleSignIn
    - GoogleToolboxForMac
    - GTMSessionFetcher
    - Mapbox-iOS-SDK
    - MapboxMobileEvents
    - Mixpanel
    - Segment-Mixpanel
    - Sentry
    - Stripe

EXTERNAL SOURCES:
  DoubleConversion:
    :podspec: "../node_modules/react-native/third-party-podspecs/DoubleConversion.podspec"
  Folly:
    :podspec: "../node_modules/react-native/third-party-podspecs/Folly.podspec"
  glog:
    :podspec: "../node_modules/react-native/third-party-podspecs/glog.podspec"
  lottie-ios:
    :podspec: "../node_modules/lottie-ios/lottie-ios.podspec"
  lottie-react-native:
    :podspec: "../node_modules/lottie-react-native/lottie-react-native.podspec"
  Permission-Camera:
    :path: "../node_modules/react-native-permissions/ios/Camera.podspec"
  React:
    :path: "../node_modules/react-native/"
  React-Core:
    :path: "../node_modules/react-native/React"
  React-cxxreact:
    :path: "../node_modules/react-native/ReactCommon/cxxreact"
  React-DevSupport:
    :path: "../node_modules/react-native/React"
  React-jsi:
    :path: "../node_modules/react-native/ReactCommon/jsi"
  React-jsiexecutor:
    :path: "../node_modules/react-native/ReactCommon/jsiexecutor"
  React-jsinspector:
    :path: "../node_modules/react-native/ReactCommon/jsinspector"
  react-native-camera:
    :podspec: "../node_modules/react-native-camera/react-native-camera.podspec"
  react-native-geolocation:
    :path: "../node_modules/@react-native-community/geolocation"
  react-native-get-random-values:
    :path: "../node_modules/react-native-get-random-values"
  react-native-ios-launch-arguments:
    :podspec: "../node_modules/react-native-ios-launch-arguments/react-native-ios-launch-arguments.podspec"
  react-native-mapbox-gl:
    :path: "../node_modules/@react-native-mapbox-gl/maps"
  react-native-video:
    :podspec: "../node_modules/react-native-video/react-native-video.podspec"
  React-RCTActionSheet:
    :path: "../node_modules/react-native/Libraries/ActionSheetIOS"
  React-RCTAnimation:
    :path: "../node_modules/react-native/Libraries/NativeAnimation"
  React-RCTBlob:
    :path: "../node_modules/react-native/Libraries/Blob"
  React-RCTImage:
    :path: "../node_modules/react-native/Libraries/Image"
  React-RCTLinking:
    :path: "../node_modules/react-native/Libraries/LinkingIOS"
  React-RCTNetwork:
    :path: "../node_modules/react-native/Libraries/Network"
  React-RCTSettings:
    :path: "../node_modules/react-native/Libraries/Settings"
  React-RCTText:
    :path: "../node_modules/react-native/Libraries/Text"
  React-RCTVibration:
    :path: "../node_modules/react-native/Libraries/Vibration"
  React-RCTWebSocket:
    :path: "../node_modules/react-native/Libraries/WebSocket"
  rn-fetch-blob:
    :path: "../node_modules/rn-fetch-blob"
  RNAnalytics:
    :path: "../node_modules/@segment/analytics-react-native"
  RNAnalyticsIntegration-Mixpanel:
    :path: "../node_modules/@segment/analytics-react-native-mixpanel"
  RNAppleAuthentication:
    :path: "../node_modules/@invertase/react-native-apple-authentication"
  RNDeviceInfo:
    :podspec: "../node_modules/react-native-device-info/RNDeviceInfo.podspec"
  RNGestureHandler:
    :podspec: "../node_modules/react-native-gesture-handler/RNGestureHandler.podspec"
  RNGoogleSignin:
    :podspec: "../node_modules/react-native-google-signin/RNGoogleSignin.podspec"
  RNPermissions:
    :podspec: "../node_modules/react-native-permissions/RNPermissions.podspec"
  RNSentry:
    :podspec: "../node_modules/@sentry/react-native/RNSentry.podspec"
  RNSVG:
    :path: "../node_modules/react-native-svg"
  tipsi-stripe:
    :podspec: "../node_modules/@commaai/tipsi-stripe/tipsi-stripe.podspec"
  yoga:
    :path: "../node_modules/react-native/ReactCommon/yoga"

CHECKOUT OPTIONS:
  react-native-ios-launch-arguments:
    :commit: dec69d8a6405e745e2474d08c6bf4034e2df8821
    :git: https://github.com/andyh2/react-native-ios-launch-arguments.git
  RNDeviceInfo:
    :commit: d6d2a32e2ac009ef7d393ae252a6f6ae0aef77b7
    :git: https://github.com/react-native-community/react-native-device-info.git

SPEC CHECKSUMS:
  "@react-native-mapbox-gl-mapbox-static": 83c0e0ba33597bb694735ffb136d3d96780af37d
  Analytics: 4bcf052c91e1f3339219e83d6a036fb2bd7c218d
  boost-for-react-native: 39c7adb57c4e60d6c5479dd8623128eb5b3f0f2c
  Crashlytics: f836e1d564b4492da572b056ce7ea0476c53ec4b
  DoubleConversion: 5805e889d232975c086db112ece9ed034df7a0b2
  Fabric: e88a14d80173bcf3db4eac866c83619f2894183d
  Folly: 30e7936e1c45c08d884aa59369ed951a8e68cf51
  glog: 1f3da668190260b06b429bb211bfbee5cd790c28
  GoogleSignIn: 7ff245e1a7b26d379099d3243a562f5747e23d39
  GoogleToolboxForMac: 471e0c05d39506e50e6398f46fa9a12ae0efeff9
  GTMSessionFetcher: b3503b20a988c4e20cc189aa798fd18220133f52
  lottie-ios: 48fac6be217c76937e36e340e2d09cf7b10b7f5f
  lottie-react-native: 1fb4ce21d6ad37dab8343eaff8719df76035bd93
  Mapbox-iOS-SDK: a5915700ec84bc1a7f8b3e746d474789e35b7956
  MapboxMobileEvents: 2bc0ca2eedb627b73cf403258dce2b2fa98074a6
  Mixpanel: 446b6e7713aa34a9a3516ff7648d56551384fc94
  Permission-Camera: 5d2aaf95592660b6dcb5e8d1d90ed5d0156cad02
  React: 53c53c4d99097af47cf60594b8706b4e3321e722
  React-Core: ba421f6b4f4cbe2fb17c0b6fc675f87622e78a64
  React-cxxreact: 8384287780c4999351ad9b6e7a149d9ed10a2395
  React-DevSupport: 197fb409737cff2c4f9986e77c220d7452cb9f9f
  React-jsi: 4d8c9efb6312a9725b18d6fc818ffc103f60fec2
  React-jsiexecutor: 90ad2f9db09513fc763bc757fdc3c4ff8bde2a30
  React-jsinspector: e08662d1bf5b129a3d556eb9ea343a3f40353ae4
  react-native-camera: 35854c4f764a4a6cf61c1c3525888b92f0fe4b31
  react-native-geolocation: c956aeb136625c23e0dce0467664af2c437888c9
  react-native-get-random-values: f0fc24a5887a3341589515a86282a574407b59e4
  react-native-ios-launch-arguments: 78be547d1563de65f488fe049475403ce963b465
  react-native-mapbox-gl: b2e4cee6a40cb713cd72846c9573cd5bc468c3d5
  react-native-video: 8c49eca5a6087de968a05b340933b10e3b58169a
  React-RCTActionSheet: b0f1ea83f4bf75fb966eae9bfc47b78c8d3efd90
  React-RCTAnimation: 359ba1b5690b1e87cc173558a78e82d35919333e
  React-RCTBlob: 5e2b55f76e9a1c7ae52b826923502ddc3238df24
  React-RCTImage: f5f1c50922164e89bdda67bcd0153952a5cfe719
  React-RCTLinking: d0ecbd791e9ddddc41fa1f66b0255de90e8ee1e9
  React-RCTNetwork: e26946300b0ab7bb6c4a6348090e93fa21f33a9d
  React-RCTSettings: d0d37cb521b7470c998595a44f05847777cc3f42
  React-RCTText: b074d89033583d4f2eb5faf7ea2db3a13c7553a2
  React-RCTVibration: 2105b2e0e2b66a6408fc69a46c8a7fb5b2fdade0
  React-RCTWebSocket: cd932a16b7214898b6b7f788c8bddb3637246ac4
  rn-fetch-blob: 651b8d076b43d0d7aa294a3d9ec16c00aab8bef9
  RNAnalytics: bd4d9abcf63059243aa39383f8d46387a8d9f4ad
  RNAnalyticsIntegration-Mixpanel: adcc0e2f8bf36a2579b8c9d6509732400691f9c8
  RNAppleAuthentication: 46cbc67739bae83ca229497f9b0038f3f5431443
  RNDeviceInfo: f72e930fbde5077e8366346204ba9ad41c7a598f
  RNGestureHandler: b65d391f4f570178d657b99a16ec99d09b8656b0
  RNGoogleSignin: a9084cfe072359166c93b80ead94eda3ad814d1d
  RNPermissions: 5df468064df661a4c8c017e2791ce90d7695eea5
  RNSentry: cff88174a0b2e0289b2efe5be1abba1f6c54269d
  RNSVG: 2cc66383316fa84d4c672ccfa5e3bac271b6a2af
  Segment-Mixpanel: 18c35e15fa95ee61ee2254577cf2c968db42e68a
  Sentry: 8fa58a051237554f22507fb483b9a1de0171a2dc
  Stripe: 25c07000e7e86ffc53da0e41a5dd1bce30470fe0
  tipsi-stripe: 64a2953ce4c9705465ddc1adb175301f5a897a24
  yoga: 312528f5bbbba37b4dcea5ef00e8b4033fdd9411

PODFILE CHECKSUM: 9a76c5eff69252a234b8cf53b1e2b8b76f25ae7f

COCOAPODS: 1.10.1
